// !$*UTF8*$!
{
	archiveVersion = 1;
	classes = {
	};
	objectVersion = 51;
	objects = {

/* Begin PBXBuildFile section */
		4291F0292206BD5000A867E6 /* Keys.swift in Sources */ = {isa = PBXBuildFile; fileRef = 4291F0282206BD5000A867E6 /* Keys.swift */; };
		4291F02C2206C16100A867E6 /* FlightSearch.swift in Sources */ = {isa = PBXBuildFile; fileRef = 4291F02B2206C16100A867E6 /* FlightSearch.swift */; };
		4291F02F2206CC8100A867E6 /* FlightSearchInteractorProtocol.swift in Sources */ = {isa = PBXBuildFile; fileRef = 4291F02E2206CC8100A867E6 /* FlightSearchInteractorProtocol.swift */; };
		4291F0312206CC8E00A867E6 /* FlightSearchInteractor.swift in Sources */ = {isa = PBXBuildFile; fileRef = 4291F0302206CC8E00A867E6 /* FlightSearchInteractor.swift */; };
		42D3C637220D288600658C34 /* ResultInterfaces.swift in Sources */ = {isa = PBXBuildFile; fileRef = 42D3C62D220D288600658C34 /* ResultInterfaces.swift */; };
		42D3C639220D288600658C34 /* ResultPresenter.swift in Sources */ = {isa = PBXBuildFile; fileRef = 42D3C62F220D288600658C34 /* ResultPresenter.swift */; };
		42D3C63A220D288600658C34 /* ResultViewController.swift in Sources */ = {isa = PBXBuildFile; fileRef = 42D3C630220D288600658C34 /* ResultViewController.swift */; };
		42D3C63C220D288600658C34 /* ResultModel.swift in Sources */ = {isa = PBXBuildFile; fileRef = 42D3C632220D288600658C34 /* ResultModel.swift */; };
		42D3C63E220D288600658C34 /* ResultViewController.xib in Resources */ = {isa = PBXBuildFile; fileRef = 42D3C634220D288600658C34 /* ResultViewController.xib */; };
		42D3C63F220D288600658C34 /* ResultWireframe.swift in Sources */ = {isa = PBXBuildFile; fileRef = 42D3C635220D288600658C34 /* ResultWireframe.swift */; };
		42D3C644220D36F500658C34 /* ResultTableViewCell.swift in Sources */ = {isa = PBXBuildFile; fileRef = 42D3C642220D36F500658C34 /* ResultTableViewCell.swift */; };
		42D3C645220D36F500658C34 /* ResultTableViewCell.xib in Resources */ = {isa = PBXBuildFile; fileRef = 42D3C643220D36F500658C34 /* ResultTableViewCell.xib */; };
		42F1727E22011DF4000BEF98 /* HomeInterfaces.swift in Sources */ = {isa = PBXBuildFile; fileRef = 42F1727422011DF4000BEF98 /* HomeInterfaces.swift */; };
		42F1728022011DF4000BEF98 /* HomePresenter.swift in Sources */ = {isa = PBXBuildFile; fileRef = 42F1727622011DF4000BEF98 /* HomePresenter.swift */; };
		42F1728122011DF4000BEF98 /* HomeViewController.swift in Sources */ = {isa = PBXBuildFile; fileRef = 42F1727722011DF4000BEF98 /* HomeViewController.swift */; };
		42F1728522011DF4000BEF98 /* HomeViewController.xib in Resources */ = {isa = PBXBuildFile; fileRef = 42F1727B22011DF4000BEF98 /* HomeViewController.xib */; };
		42F1728622011DF4000BEF98 /* HomeWireframe.swift in Sources */ = {isa = PBXBuildFile; fileRef = 42F1727C22011DF4000BEF98 /* HomeWireframe.swift */; };
		42F1728C220141E7000BEF98 /* FSTextField.swift in Sources */ = {isa = PBXBuildFile; fileRef = 42F1728B220141E7000BEF98 /* FSTextField.swift */; };
		42F66A9D22069D84008524D3 /* FSButton.swift in Sources */ = {isa = PBXBuildFile; fileRef = 42F66A9C22069D84008524D3 /* FSButton.swift */; };
		52044D8020E0431C00D6C94C /* MainUITests.swift in Sources */ = {isa = PBXBuildFile; fileRef = 52044D7F20E0431C00D6C94C /* MainUITests.swift */; };
		524AF9FB20DD1AB5005D4CEC /* FlightSearchApiModelProtocol.swift in Sources */ = {isa = PBXBuildFile; fileRef = 524AF9FA20DD1AB5005D4CEC /* FlightSearchApiModelProtocol.swift */; };
		5279599020DC78CF00D3C13D /* AppDelegate.swift in Sources */ = {isa = PBXBuildFile; fileRef = 5279598F20DC78CF00D3C13D /* AppDelegate.swift */; };
		5279599A20DC78D300D3C13D /* Assets.xcassets in Resources */ = {isa = PBXBuildFile; fileRef = 5279599920DC78D300D3C13D /* Assets.xcassets */; };
		5279599D20DC78D300D3C13D /* LaunchScreen.storyboard in Resources */ = {isa = PBXBuildFile; fileRef = 5279599B20DC78D300D3C13D /* LaunchScreen.storyboard */; };
		527959A820DC78D400D3C13D /* FlightSearchApiTests.swift in Sources */ = {isa = PBXBuildFile; fileRef = 527959A720DC78D400D3C13D /* FlightSearchApiTests.swift */; };
		527959B320DC78D400D3C13D /* FlightSearchUITests.swift in Sources */ = {isa = PBXBuildFile; fileRef = 527959B220DC78D400D3C13D /* FlightSearchUITests.swift */; };
		527959CE20DC803C00D3C13D /* InteractorInterface.swift in Sources */ = {isa = PBXBuildFile; fileRef = 527959CA20DC803C00D3C13D /* InteractorInterface.swift */; };
		527959CF20DC803C00D3C13D /* PresenterInterface.swift in Sources */ = {isa = PBXBuildFile; fileRef = 527959CB20DC803C00D3C13D /* PresenterInterface.swift */; };
		527959D020DC803C00D3C13D /* ViewInterface.swift in Sources */ = {isa = PBXBuildFile; fileRef = 527959CC20DC803C00D3C13D /* ViewInterface.swift */; };
		527959D120DC803C00D3C13D /* BaseWireframe.swift in Sources */ = {isa = PBXBuildFile; fileRef = 527959CD20DC803C00D3C13D /* BaseWireframe.swift */; };
		527959D420DC81C200D3C13D /* BaseRouter.swift in Sources */ = {isa = PBXBuildFile; fileRef = 527959D320DC81C200D3C13D /* BaseRouter.swift */; };
		527959D620DC820900D3C13D /* BaseNavigationController.swift in Sources */ = {isa = PBXBuildFile; fileRef = 527959D520DC820900D3C13D /* BaseNavigationController.swift */; };
		527959E820DC898400D3C13D /* BaseProvider.swift in Sources */ = {isa = PBXBuildFile; fileRef = 527959E720DC898400D3C13D /* BaseProvider.swift */; };
		527959EC20DC8B1900D3C13D /* String.swift in Sources */ = {isa = PBXBuildFile; fileRef = 527959EB20DC8B1900D3C13D /* String.swift */; };
		527959EE20DC8BD500D3C13D /* FlightSearchApiProvider.swift in Sources */ = {isa = PBXBuildFile; fileRef = 527959ED20DC8BD500D3C13D /* FlightSearchApiProvider.swift */; };
		527959F020DC8E0700D3C13D /* FlightSearchApiProtocol.swift in Sources */ = {isa = PBXBuildFile; fileRef = 527959EF20DC8E0700D3C13D /* FlightSearchApiProtocol.swift */; };
		527959F820DD064B00D3C13D /* BaseResponse.swift in Sources */ = {isa = PBXBuildFile; fileRef = 527959F720DD064B00D3C13D /* BaseResponse.swift */; };
		527959FB20DD06D500D3C13D /* FlightSearchApiModel.swift in Sources */ = {isa = PBXBuildFile; fileRef = 527959FA20DD06D500D3C13D /* FlightSearchApiModel.swift */; };
		A78AD4926F34541A18FCE34D /* Pods_FlightSearch.framework in Frameworks */ = {isa = PBXBuildFile; fileRef = 3810547243D10F8386C8C4F3 /* Pods_FlightSearch.framework */; };
		D73BDEF93FF52B1C79DE7B0F /* Pods_FlightSearchUITests.framework in Frameworks */ = {isa = PBXBuildFile; fileRef = D4E048D72FC376C707BD2FB9 /* Pods_FlightSearchUITests.framework */; };
		F60F7B1DE8AEA54C1D6EC0C9 /* Pods_FlightSearchTests.framework in Frameworks */ = {isa = PBXBuildFile; fileRef = 70605822B71A2E1CD0E875B5 /* Pods_FlightSearchTests.framework */; };
/* End PBXBuildFile section */

/* Begin PBXContainerItemProxy section */
		527959A420DC78D400D3C13D /* PBXContainerItemProxy */ = {
			isa = PBXContainerItemProxy;
			containerPortal = 5279598420DC78CF00D3C13D /* Project object */;
			proxyType = 1;
			remoteGlobalIDString = 5279598B20DC78CF00D3C13D;
			remoteInfo = FlightSearch;
		};
		527959AF20DC78D400D3C13D /* PBXContainerItemProxy */ = {
			isa = PBXContainerItemProxy;
			containerPortal = 5279598420DC78CF00D3C13D /* Project object */;
			proxyType = 1;
			remoteGlobalIDString = 5279598B20DC78CF00D3C13D;
			remoteInfo = FlightSearch;
		};
/* End PBXContainerItemProxy section */

/* Begin PBXFileReference section */
		25500911437FE6D10F2909EC /* Pods-FlightSearchUITests.debug.xcconfig */ = {isa = PBXFileReference; includeInIndex = 1; lastKnownFileType = text.xcconfig; name = "Pods-FlightSearchUITests.debug.xcconfig"; path = "Target Support Files/Pods-FlightSearchUITests/Pods-FlightSearchUITests.debug.xcconfig"; sourceTree = "<group>"; };
		3810547243D10F8386C8C4F3 /* Pods_FlightSearch.framework */ = {isa = PBXFileReference; explicitFileType = wrapper.framework; includeInIndex = 0; path = Pods_FlightSearch.framework; sourceTree = BUILT_PRODUCTS_DIR; };
		3C32A66DCE4AC7FC2995883A /* Pods-FlightSearchUITests.release.xcconfig */ = {isa = PBXFileReference; includeInIndex = 1; lastKnownFileType = text.xcconfig; name = "Pods-FlightSearchUITests.release.xcconfig"; path = "Target Support Files/Pods-FlightSearchUITests/Pods-FlightSearchUITests.release.xcconfig"; sourceTree = "<group>"; };
		4291F0282206BD5000A867E6 /* Keys.swift */ = {isa = PBXFileReference; lastKnownFileType = sourcecode.swift; path = Keys.swift; sourceTree = "<group>"; };
		4291F02B2206C16100A867E6 /* FlightSearch.swift */ = {isa = PBXFileReference; lastKnownFileType = sourcecode.swift; path = FlightSearch.swift; sourceTree = "<group>"; };
		4291F02E2206CC8100A867E6 /* FlightSearchInteractorProtocol.swift */ = {isa = PBXFileReference; lastKnownFileType = sourcecode.swift; path = FlightSearchInteractorProtocol.swift; sourceTree = "<group>"; };
		4291F0302206CC8E00A867E6 /* FlightSearchInteractor.swift */ = {isa = PBXFileReference; lastKnownFileType = sourcecode.swift; path = FlightSearchInteractor.swift; sourceTree = "<group>"; };
		42D3C62D220D288600658C34 /* ResultInterfaces.swift */ = {isa = PBXFileReference; lastKnownFileType = sourcecode.swift; path = ResultInterfaces.swift; sourceTree = "<group>"; };
		42D3C62F220D288600658C34 /* ResultPresenter.swift */ = {isa = PBXFileReference; lastKnownFileType = sourcecode.swift; path = ResultPresenter.swift; sourceTree = "<group>"; };
		42D3C630220D288600658C34 /* ResultViewController.swift */ = {isa = PBXFileReference; lastKnownFileType = sourcecode.swift; path = ResultViewController.swift; sourceTree = "<group>"; };
		42D3C632220D288600658C34 /* ResultModel.swift */ = {isa = PBXFileReference; lastKnownFileType = sourcecode.swift; path = ResultModel.swift; sourceTree = "<group>"; };
		42D3C634220D288600658C34 /* ResultViewController.xib */ = {isa = PBXFileReference; lastKnownFileType = file.xib; path = ResultViewController.xib; sourceTree = "<group>"; };
		42D3C635220D288600658C34 /* ResultWireframe.swift */ = {isa = PBXFileReference; lastKnownFileType = sourcecode.swift; path = ResultWireframe.swift; sourceTree = "<group>"; };
		42D3C642220D36F500658C34 /* ResultTableViewCell.swift */ = {isa = PBXFileReference; lastKnownFileType = sourcecode.swift; path = ResultTableViewCell.swift; sourceTree = "<group>"; };
		42D3C643220D36F500658C34 /* ResultTableViewCell.xib */ = {isa = PBXFileReference; lastKnownFileType = file.xib; path = ResultTableViewCell.xib; sourceTree = "<group>"; };
		42F1727422011DF4000BEF98 /* HomeInterfaces.swift */ = {isa = PBXFileReference; lastKnownFileType = sourcecode.swift; path = HomeInterfaces.swift; sourceTree = "<group>"; };
		42F1727622011DF4000BEF98 /* HomePresenter.swift */ = {isa = PBXFileReference; lastKnownFileType = sourcecode.swift; path = HomePresenter.swift; sourceTree = "<group>"; };
		42F1727722011DF4000BEF98 /* HomeViewController.swift */ = {isa = PBXFileReference; lastKnownFileType = sourcecode.swift; path = HomeViewController.swift; sourceTree = "<group>"; };
		42F1727B22011DF4000BEF98 /* HomeViewController.xib */ = {isa = PBXFileReference; lastKnownFileType = file.xib; path = HomeViewController.xib; sourceTree = "<group>"; };
		42F1727C22011DF4000BEF98 /* HomeWireframe.swift */ = {isa = PBXFileReference; lastKnownFileType = sourcecode.swift; path = HomeWireframe.swift; sourceTree = "<group>"; };
		42F1728B220141E7000BEF98 /* FSTextField.swift */ = {isa = PBXFileReference; lastKnownFileType = sourcecode.swift; path = FSTextField.swift; sourceTree = "<group>"; };
		42F66A9C22069D84008524D3 /* FSButton.swift */ = {isa = PBXFileReference; lastKnownFileType = sourcecode.swift; path = FSButton.swift; sourceTree = "<group>"; };
		49E107B26361FFC634A9E394 /* Pods-FlightSearch.debug.xcconfig */ = {isa = PBXFileReference; includeInIndex = 1; lastKnownFileType = text.xcconfig; name = "Pods-FlightSearch.debug.xcconfig"; path = "Target Support Files/Pods-FlightSearch/Pods-FlightSearch.debug.xcconfig"; sourceTree = "<group>"; };
		52044D7F20E0431C00D6C94C /* MainUITests.swift */ = {isa = PBXFileReference; lastKnownFileType = sourcecode.swift; path = MainUITests.swift; sourceTree = "<group>"; };
		524AF9FA20DD1AB5005D4CEC /* FlightSearchApiModelProtocol.swift */ = {isa = PBXFileReference; lastKnownFileType = sourcecode.swift; path = FlightSearchApiModelProtocol.swift; sourceTree = "<group>"; };
		5279598C20DC78CF00D3C13D /* FlightSearch.app */ = {isa = PBXFileReference; explicitFileType = wrapper.application; includeInIndex = 0; path = FlightSearch.app; sourceTree = BUILT_PRODUCTS_DIR; };
		5279598F20DC78CF00D3C13D /* AppDelegate.swift */ = {isa = PBXFileReference; lastKnownFileType = sourcecode.swift; path = AppDelegate.swift; sourceTree = "<group>"; };
		5279599920DC78D300D3C13D /* Assets.xcassets */ = {isa = PBXFileReference; lastKnownFileType = folder.assetcatalog; path = Assets.xcassets; sourceTree = "<group>"; };
		5279599C20DC78D300D3C13D /* Base */ = {isa = PBXFileReference; lastKnownFileType = file.storyboard; name = Base; path = Base.lproj/LaunchScreen.storyboard; sourceTree = "<group>"; };
		5279599E20DC78D300D3C13D /* Info.plist */ = {isa = PBXFileReference; lastKnownFileType = text.plist.xml; path = Info.plist; sourceTree = "<group>"; };
		527959A320DC78D400D3C13D /* FlightSearchTests.xctest */ = {isa = PBXFileReference; explicitFileType = wrapper.cfbundle; includeInIndex = 0; path = FlightSearchTests.xctest; sourceTree = BUILT_PRODUCTS_DIR; };
		527959A720DC78D400D3C13D /* FlightSearchApiTests.swift */ = {isa = PBXFileReference; lastKnownFileType = sourcecode.swift; path = FlightSearchApiTests.swift; sourceTree = "<group>"; };
		527959A920DC78D400D3C13D /* Info.plist */ = {isa = PBXFileReference; lastKnownFileType = text.plist.xml; path = Info.plist; sourceTree = "<group>"; };
		527959AE20DC78D400D3C13D /* FlightSearchUITests.xctest */ = {isa = PBXFileReference; explicitFileType = wrapper.cfbundle; includeInIndex = 0; path = FlightSearchUITests.xctest; sourceTree = BUILT_PRODUCTS_DIR; };
		527959B220DC78D400D3C13D /* FlightSearchUITests.swift */ = {isa = PBXFileReference; lastKnownFileType = sourcecode.swift; path = FlightSearchUITests.swift; sourceTree = "<group>"; };
		527959B420DC78D400D3C13D /* Info.plist */ = {isa = PBXFileReference; lastKnownFileType = text.plist.xml; path = Info.plist; sourceTree = "<group>"; };
		527959CA20DC803C00D3C13D /* InteractorInterface.swift */ = {isa = PBXFileReference; fileEncoding = 4; lastKnownFileType = sourcecode.swift; path = InteractorInterface.swift; sourceTree = "<group>"; };
		527959CB20DC803C00D3C13D /* PresenterInterface.swift */ = {isa = PBXFileReference; fileEncoding = 4; lastKnownFileType = sourcecode.swift; path = PresenterInterface.swift; sourceTree = "<group>"; };
		527959CC20DC803C00D3C13D /* ViewInterface.swift */ = {isa = PBXFileReference; fileEncoding = 4; lastKnownFileType = sourcecode.swift; path = ViewInterface.swift; sourceTree = "<group>"; };
		527959CD20DC803C00D3C13D /* BaseWireframe.swift */ = {isa = PBXFileReference; fileEncoding = 4; lastKnownFileType = sourcecode.swift; path = BaseWireframe.swift; sourceTree = "<group>"; };
		527959D320DC81C200D3C13D /* BaseRouter.swift */ = {isa = PBXFileReference; fileEncoding = 4; lastKnownFileType = sourcecode.swift; path = BaseRouter.swift; sourceTree = "<group>"; };
		527959D520DC820900D3C13D /* BaseNavigationController.swift */ = {isa = PBXFileReference; fileEncoding = 4; lastKnownFileType = sourcecode.swift; path = BaseNavigationController.swift; sourceTree = "<group>"; };
		527959E720DC898400D3C13D /* BaseProvider.swift */ = {isa = PBXFileReference; lastKnownFileType = sourcecode.swift; path = BaseProvider.swift; sourceTree = "<group>"; };
		527959EB20DC8B1900D3C13D /* String.swift */ = {isa = PBXFileReference; lastKnownFileType = sourcecode.swift; path = String.swift; sourceTree = "<group>"; };
		527959ED20DC8BD500D3C13D /* FlightSearchApiProvider.swift */ = {isa = PBXFileReference; lastKnownFileType = sourcecode.swift; path = FlightSearchApiProvider.swift; sourceTree = "<group>"; };
		527959EF20DC8E0700D3C13D /* FlightSearchApiProtocol.swift */ = {isa = PBXFileReference; lastKnownFileType = sourcecode.swift; path = FlightSearchApiProtocol.swift; sourceTree = "<group>"; };
		527959F720DD064B00D3C13D /* BaseResponse.swift */ = {isa = PBXFileReference; lastKnownFileType = sourcecode.swift; path = BaseResponse.swift; sourceTree = "<group>"; };
		527959FA20DD06D500D3C13D /* FlightSearchApiModel.swift */ = {isa = PBXFileReference; lastKnownFileType = sourcecode.swift; path = FlightSearchApiModel.swift; sourceTree = "<group>"; };
		5A2F0856DB4B85DA198EEB9A /* Pods-FlightSearch.release.xcconfig */ = {isa = PBXFileReference; includeInIndex = 1; lastKnownFileType = text.xcconfig; name = "Pods-FlightSearch.release.xcconfig"; path = "Target Support Files/Pods-FlightSearch/Pods-FlightSearch.release.xcconfig"; sourceTree = "<group>"; };
		70605822B71A2E1CD0E875B5 /* Pods_FlightSearchTests.framework */ = {isa = PBXFileReference; explicitFileType = wrapper.framework; includeInIndex = 0; path = Pods_FlightSearchTests.framework; sourceTree = BUILT_PRODUCTS_DIR; };
		A54C1BA5609F84D5AD641C87 /* Pods-FlightSearchTests.debug.xcconfig */ = {isa = PBXFileReference; includeInIndex = 1; lastKnownFileType = text.xcconfig; name = "Pods-FlightSearchTests.debug.xcconfig"; path = "Target Support Files/Pods-FlightSearchTests/Pods-FlightSearchTests.debug.xcconfig"; sourceTree = "<group>"; };
		C48A8F42035108A4B040CE4B /* Pods-FlightSearchTests.release.xcconfig */ = {isa = PBXFileReference; includeInIndex = 1; lastKnownFileType = text.xcconfig; name = "Pods-FlightSearchTests.release.xcconfig"; path = "Target Support Files/Pods-FlightSearchTests/Pods-FlightSearchTests.release.xcconfig"; sourceTree = "<group>"; };
		D4E048D72FC376C707BD2FB9 /* Pods_FlightSearchUITests.framework */ = {isa = PBXFileReference; explicitFileType = wrapper.framework; includeInIndex = 0; path = Pods_FlightSearchUITests.framework; sourceTree = BUILT_PRODUCTS_DIR; };
/* End PBXFileReference section */

/* Begin PBXFrameworksBuildPhase section */
		5279598920DC78CF00D3C13D /* Frameworks */ = {
			isa = PBXFrameworksBuildPhase;
			buildActionMask = 2147483647;
			files = (
				A78AD4926F34541A18FCE34D /* Pods_FlightSearch.framework in Frameworks */,
			);
			runOnlyForDeploymentPostprocessing = 0;
		};
		527959A020DC78D400D3C13D /* Frameworks */ = {
			isa = PBXFrameworksBuildPhase;
			buildActionMask = 2147483647;
			files = (
				F60F7B1DE8AEA54C1D6EC0C9 /* Pods_FlightSearchTests.framework in Frameworks */,
			);
			runOnlyForDeploymentPostprocessing = 0;
		};
		527959AB20DC78D400D3C13D /* Frameworks */ = {
			isa = PBXFrameworksBuildPhase;
			buildActionMask = 2147483647;
			files = (
				D73BDEF93FF52B1C79DE7B0F /* Pods_FlightSearchUITests.framework in Frameworks */,
			);
			runOnlyForDeploymentPostprocessing = 0;
		};
/* End PBXFrameworksBuildPhase section */

/* Begin PBXGroup section */
		27AE89E2FC04A9FBC54DC9A4 /* Frameworks */ = {
			isa = PBXGroup;
			children = (
				3810547243D10F8386C8C4F3 /* Pods_FlightSearch.framework */,
				70605822B71A2E1CD0E875B5 /* Pods_FlightSearchTests.framework */,
				D4E048D72FC376C707BD2FB9 /* Pods_FlightSearchUITests.framework */,
			);
			name = Frameworks;
			sourceTree = "<group>";
		};
		4291F0272206BD3A00A867E6 /* Security */ = {
			isa = PBXGroup;
			children = (
				4291F0282206BD5000A867E6 /* Keys.swift */,
			);
			path = Security;
			sourceTree = "<group>";
		};
		4291F02A2206C14400A867E6 /* FlightSearch */ = {
			isa = PBXGroup;
			children = (
				4291F02B2206C16100A867E6 /* FlightSearch.swift */,
			);
			path = FlightSearch;
			sourceTree = "<group>";
		};
		4291F02D2206CC5700A867E6 /* FlightSearch */ = {
			isa = PBXGroup;
			children = (
				4291F02E2206CC8100A867E6 /* FlightSearchInteractorProtocol.swift */,
				4291F0302206CC8E00A867E6 /* FlightSearchInteractor.swift */,
			);
			path = FlightSearch;
			sourceTree = "<group>";
		};
		42D3C62C220D286300658C34 /* Result */ = {
			isa = PBXGroup;
			children = (
				42D3C641220D360800658C34 /* cells */,
				42D3C62D220D288600658C34 /* ResultInterfaces.swift */,
				42D3C62F220D288600658C34 /* ResultPresenter.swift */,
				42D3C630220D288600658C34 /* ResultViewController.swift */,
				42D3C632220D288600658C34 /* ResultModel.swift */,
				42D3C634220D288600658C34 /* ResultViewController.xib */,
				42D3C635220D288600658C34 /* ResultWireframe.swift */,
			);
			path = Result;
			sourceTree = "<group>";
		};
		42D3C641220D360800658C34 /* cells */ = {
			isa = PBXGroup;
			children = (
				42D3C642220D36F500658C34 /* ResultTableViewCell.swift */,
				42D3C643220D36F500658C34 /* ResultTableViewCell.xib */,
			);
			path = cells;
			sourceTree = "<group>";
		};
		42F1727322011D88000BEF98 /* Home */ = {
			isa = PBXGroup;
			children = (
				42F1727422011DF4000BEF98 /* HomeInterfaces.swift */,
				42F1727622011DF4000BEF98 /* HomePresenter.swift */,
				42F1727722011DF4000BEF98 /* HomeViewController.swift */,
				42F1727B22011DF4000BEF98 /* HomeViewController.xib */,
				42F1727C22011DF4000BEF98 /* HomeWireframe.swift */,
			);
			path = Home;
			sourceTree = "<group>";
		};
		42F1728A22014143000BEF98 /* UITextField */ = {
			isa = PBXGroup;
			children = (
				42F1728B220141E7000BEF98 /* FSTextField.swift */,
			);
			path = UITextField;
			sourceTree = "<group>";
		};
		42F66A9B22069D72008524D3 /* UIButton */ = {
			isa = PBXGroup;
			children = (
				42F66A9C22069D84008524D3 /* FSButton.swift */,
			);
			path = UIButton;
			sourceTree = "<group>";
		};
		5279598320DC78CF00D3C13D = {
			isa = PBXGroup;
			children = (
				5279598E20DC78CF00D3C13D /* FlightSearch */,
				527959A620DC78D400D3C13D /* FlightSearchTests */,
				527959B120DC78D400D3C13D /* FlightSearchUITests */,
				5279598D20DC78CF00D3C13D /* Products */,
				ABA93702C14C9AF5490A3B28 /* Pods */,
				27AE89E2FC04A9FBC54DC9A4 /* Frameworks */,
			);
			sourceTree = "<group>";
		};
		5279598D20DC78CF00D3C13D /* Products */ = {
			isa = PBXGroup;
			children = (
				5279598C20DC78CF00D3C13D /* FlightSearch.app */,
				527959A320DC78D400D3C13D /* FlightSearchTests.xctest */,
				527959AE20DC78D400D3C13D /* FlightSearchUITests.xctest */,
			);
			name = Products;
			sourceTree = "<group>";
		};
		5279598E20DC78CF00D3C13D /* FlightSearch */ = {
			isa = PBXGroup;
			children = (
				527959C220DC793F00D3C13D /* SuportingFiles */,
				527959C420DC798400D3C13D /* Resources */,
				527959C020DC790800D3C13D /* Infrastructure */,
				527959C820DC7FEE00D3C13D /* Common */,
				527959C320DC796900D3C13D /* Modules */,
				527959C520DC7B1E00D3C13D /* Model */,
				527959E420DC87C400D3C13D /* Domain */,
				527959C620DC7B5200D3C13D /* Provider */,
			);
			path = FlightSearch;
			sourceTree = "<group>";
		};
		527959A620DC78D400D3C13D /* FlightSearchTests */ = {
			isa = PBXGroup;
			children = (
				527959A720DC78D400D3C13D /* FlightSearchApiTests.swift */,
				527959A920DC78D400D3C13D /* Info.plist */,
			);
			path = FlightSearchTests;
			sourceTree = "<group>";
		};
		527959B120DC78D400D3C13D /* FlightSearchUITests */ = {
			isa = PBXGroup;
			children = (
				52044D7F20E0431C00D6C94C /* MainUITests.swift */,
				527959B220DC78D400D3C13D /* FlightSearchUITests.swift */,
				527959B420DC78D400D3C13D /* Info.plist */,
			);
			path = FlightSearchUITests;
			sourceTree = "<group>";
		};
		527959C020DC790800D3C13D /* Infrastructure */ = {
			isa = PBXGroup;
			children = (
				4291F0272206BD3A00A867E6 /* Security */,
				527959C120DC793700D3C13D /* AppDelegate */,
			);
			path = Infrastructure;
			sourceTree = "<group>";
		};
		527959C120DC793700D3C13D /* AppDelegate */ = {
			isa = PBXGroup;
			children = (
				5279598F20DC78CF00D3C13D /* AppDelegate.swift */,
			);
			path = AppDelegate;
			sourceTree = "<group>";
		};
		527959C220DC793F00D3C13D /* SuportingFiles */ = {
			isa = PBXGroup;
			children = (
				5279599E20DC78D300D3C13D /* Info.plist */,
			);
			path = SuportingFiles;
			sourceTree = "<group>";
		};
		527959C320DC796900D3C13D /* Modules */ = {
			isa = PBXGroup;
			children = (
				42D3C62C220D286300658C34 /* Result */,
				42F1727322011D88000BEF98 /* Home */,
				527959D220DC81B600D3C13D /* BaseRouter */,
			);
			path = Modules;
			sourceTree = "<group>";
		};
		527959C420DC798400D3C13D /* Resources */ = {
			isa = PBXGroup;
			children = (
				5279599920DC78D300D3C13D /* Assets.xcassets */,
				5279599B20DC78D300D3C13D /* LaunchScreen.storyboard */,
			);
			path = Resources;
			sourceTree = "<group>";
		};
		527959C520DC7B1E00D3C13D /* Model */ = {
			isa = PBXGroup;
			children = (
				4291F02A2206C14400A867E6 /* FlightSearch */,
				527959F920DD06C000D3C13D /* FlightSearchAPIModel */,
				527959F620DD063300D3C13D /* Base */,
			);
			path = Model;
			sourceTree = "<group>";
		};
		527959C620DC7B5200D3C13D /* Provider */ = {
			isa = PBXGroup;
			children = (
				527959E520DC882A00D3C13D /* Services */,
			);
			path = Provider;
			sourceTree = "<group>";
		};
		527959C820DC7FEE00D3C13D /* Common */ = {
			isa = PBXGroup;
			children = (
				42F66A9B22069D72008524D3 /* UIButton */,
				42F1728A22014143000BEF98 /* UITextField */,
				527959C920DC7FFD00D3C13D /* VIPER */,
				527959EA20DC8B0400D3C13D /* Extensions */,
			);
			path = Common;
			sourceTree = "<group>";
		};
		527959C920DC7FFD00D3C13D /* VIPER */ = {
			isa = PBXGroup;
			children = (
				527959CD20DC803C00D3C13D /* BaseWireframe.swift */,
				527959CA20DC803C00D3C13D /* InteractorInterface.swift */,
				527959CB20DC803C00D3C13D /* PresenterInterface.swift */,
				527959CC20DC803C00D3C13D /* ViewInterface.swift */,
			);
			path = VIPER;
			sourceTree = "<group>";
		};
		527959D220DC81B600D3C13D /* BaseRouter */ = {
			isa = PBXGroup;
			children = (
				527959D520DC820900D3C13D /* BaseNavigationController.swift */,
				527959D320DC81C200D3C13D /* BaseRouter.swift */,
			);
			path = BaseRouter;
			sourceTree = "<group>";
		};
		527959E420DC87C400D3C13D /* Domain */ = {
			isa = PBXGroup;
			children = (
				4291F02D2206CC5700A867E6 /* FlightSearch */,
			);
			path = Domain;
			sourceTree = "<group>";
		};
		527959E520DC882A00D3C13D /* Services */ = {
			isa = PBXGroup;
			children = (
				527959E920DC89BE00D3C13D /* FlightSearchAPI */,
				527959E620DC889A00D3C13D /* Base */,
			);
			path = Services;
			sourceTree = "<group>";
		};
		527959E620DC889A00D3C13D /* Base */ = {
			isa = PBXGroup;
			children = (
				527959E720DC898400D3C13D /* BaseProvider.swift */,
			);
			path = Base;
			sourceTree = "<group>";
		};
		527959E920DC89BE00D3C13D /* FlightSearchAPI */ = {
			isa = PBXGroup;
			children = (
				527959EF20DC8E0700D3C13D /* FlightSearchApiProtocol.swift */,
				527959ED20DC8BD500D3C13D /* FlightSearchApiProvider.swift */,
			);
			path = FlightSearchAPI;
			sourceTree = "<group>";
		};
		527959EA20DC8B0400D3C13D /* Extensions */ = {
			isa = PBXGroup;
			children = (
				527959EB20DC8B1900D3C13D /* String.swift */,
			);
			path = Extensions;
			sourceTree = "<group>";
		};
		527959F620DD063300D3C13D /* Base */ = {
			isa = PBXGroup;
			children = (
				527959F720DD064B00D3C13D /* BaseResponse.swift */,
			);
			path = Base;
			sourceTree = "<group>";
		};
		527959F920DD06C000D3C13D /* FlightSearchAPIModel */ = {
			isa = PBXGroup;
			children = (
				524AF9FA20DD1AB5005D4CEC /* FlightSearchApiModelProtocol.swift */,
				527959FA20DD06D500D3C13D /* FlightSearchApiModel.swift */,
			);
			path = FlightSearchAPIModel;
			sourceTree = "<group>";
		};
		ABA93702C14C9AF5490A3B28 /* Pods */ = {
			isa = PBXGroup;
			children = (
				49E107B26361FFC634A9E394 /* Pods-FlightSearch.debug.xcconfig */,
				5A2F0856DB4B85DA198EEB9A /* Pods-FlightSearch.release.xcconfig */,
				A54C1BA5609F84D5AD641C87 /* Pods-FlightSearchTests.debug.xcconfig */,
				C48A8F42035108A4B040CE4B /* Pods-FlightSearchTests.release.xcconfig */,
				25500911437FE6D10F2909EC /* Pods-FlightSearchUITests.debug.xcconfig */,
				3C32A66DCE4AC7FC2995883A /* Pods-FlightSearchUITests.release.xcconfig */,
			);
			path = Pods;
			sourceTree = "<group>";
		};
/* End PBXGroup section */

/* Begin PBXNativeTarget section */
		5279598B20DC78CF00D3C13D /* FlightSearch */ = {
			isa = PBXNativeTarget;
			buildConfigurationList = 527959B720DC78D400D3C13D /* Build configuration list for PBXNativeTarget "FlightSearch" */;
			buildPhases = (
				C289CBDC98FAF695929229A4 /* [CP] Check Pods Manifest.lock */,
				5279598820DC78CF00D3C13D /* Sources */,
				5279598920DC78CF00D3C13D /* Frameworks */,
				5279598A20DC78CF00D3C13D /* Resources */,
				08276ABCBA47EEFBB1CE8EEE /* [CP] Embed Pods Frameworks */,
			);
			buildRules = (
			);
			dependencies = (
			);
			name = FlightSearch;
			productName = FlightSearch;
			productReference = 5279598C20DC78CF00D3C13D /* FlightSearch.app */;
			productType = "com.apple.product-type.application";
		};
		527959A220DC78D400D3C13D /* FlightSearchTests */ = {
			isa = PBXNativeTarget;
			buildConfigurationList = 527959BA20DC78D400D3C13D /* Build configuration list for PBXNativeTarget "FlightSearchTests" */;
			buildPhases = (
				1A308812D657D237C09E5714 /* [CP] Check Pods Manifest.lock */,
				5279599F20DC78D400D3C13D /* Sources */,
				527959A020DC78D400D3C13D /* Frameworks */,
				527959A120DC78D400D3C13D /* Resources */,
			);
			buildRules = (
			);
			dependencies = (
				527959A520DC78D400D3C13D /* PBXTargetDependency */,
			);
			name = FlightSearchTests;
			productName = FlightSearchTests;
			productReference = 527959A320DC78D400D3C13D /* FlightSearchTests.xctest */;
			productType = "com.apple.product-type.bundle.unit-test";
		};
		527959AD20DC78D400D3C13D /* FlightSearchUITests */ = {
			isa = PBXNativeTarget;
			buildConfigurationList = 527959BD20DC78D400D3C13D /* Build configuration list for PBXNativeTarget "FlightSearchUITests" */;
			buildPhases = (
				B73CD654C3A719D400770E85 /* [CP] Check Pods Manifest.lock */,
				527959AA20DC78D400D3C13D /* Sources */,
				527959AB20DC78D400D3C13D /* Frameworks */,
				527959AC20DC78D400D3C13D /* Resources */,
			);
			buildRules = (
			);
			dependencies = (
				527959B020DC78D400D3C13D /* PBXTargetDependency */,
			);
			name = FlightSearchUITests;
			productName = FlightSearchUITests;
			productReference = 527959AE20DC78D400D3C13D /* FlightSearchUITests.xctest */;
			productType = "com.apple.product-type.bundle.ui-testing";
		};
/* End PBXNativeTarget section */

/* Begin PBXProject section */
		5279598420DC78CF00D3C13D /* Project object */ = {
			isa = PBXProject;
			attributes = {
				LastSwiftUpdateCheck = 0940;
				LastUpgradeCheck = 0940;
				ORGANIZATIONNAME = "Victor Britto e Barros";
				TargetAttributes = {
					5279598B20DC78CF00D3C13D = {
						CreatedOnToolsVersion = 9.4.1;
					};
					527959A220DC78D400D3C13D = {
						CreatedOnToolsVersion = 9.4.1;
						TestTargetID = 5279598B20DC78CF00D3C13D;
					};
					527959AD20DC78D400D3C13D = {
						CreatedOnToolsVersion = 9.4.1;
						TestTargetID = 5279598B20DC78CF00D3C13D;
					};
				};
			};
			buildConfigurationList = 5279598720DC78CF00D3C13D /* Build configuration list for PBXProject "FlightSearch" */;
			compatibilityVersion = "Xcode 10.0";
			developmentRegion = en;
			hasScannedForEncodings = 0;
			knownRegions = (
				en,
				Base,
			);
			mainGroup = 5279598320DC78CF00D3C13D;
			productRefGroup = 5279598D20DC78CF00D3C13D /* Products */;
			projectDirPath = "";
			projectRoot = "";
			targets = (
				5279598B20DC78CF00D3C13D /* FlightSearch */,
				527959A220DC78D400D3C13D /* FlightSearchTests */,
				527959AD20DC78D400D3C13D /* FlightSearchUITests */,
			);
		};
/* End PBXProject section */

/* Begin PBXResourcesBuildPhase section */
		5279598A20DC78CF00D3C13D /* Resources */ = {
			isa = PBXResourcesBuildPhase;
			buildActionMask = 2147483647;
			files = (
				42D3C645220D36F500658C34 /* ResultTableViewCell.xib in Resources */,
				5279599D20DC78D300D3C13D /* LaunchScreen.storyboard in Resources */,
				5279599A20DC78D300D3C13D /* Assets.xcassets in Resources */,
				42F1728522011DF4000BEF98 /* HomeViewController.xib in Resources */,
				42D3C63E220D288600658C34 /* ResultViewController.xib in Resources */,
			);
			runOnlyForDeploymentPostprocessing = 0;
		};
		527959A120DC78D400D3C13D /* Resources */ = {
			isa = PBXResourcesBuildPhase;
			buildActionMask = 2147483647;
			files = (
			);
			runOnlyForDeploymentPostprocessing = 0;
		};
		527959AC20DC78D400D3C13D /* Resources */ = {
			isa = PBXResourcesBuildPhase;
			buildActionMask = 2147483647;
			files = (
			);
			runOnlyForDeploymentPostprocessing = 0;
		};
/* End PBXResourcesBuildPhase section */

/* Begin PBXShellScriptBuildPhase section */
		08276ABCBA47EEFBB1CE8EEE /* [CP] Embed Pods Frameworks */ = {
			isa = PBXShellScriptBuildPhase;
			buildActionMask = 2147483647;
			files = (
			);
			inputFileListPaths = (
			);
			inputPaths = (
				"${PODS_ROOT}/Target Support Files/Pods-FlightSearch/Pods-FlightSearch-frameworks.sh",
				"${BUILT_PRODUCTS_DIR}/Alamofire/Alamofire.framework",
				"${BUILT_PRODUCTS_DIR}/IQKeyboardManagerSwift/IQKeyboardManagerSwift.framework",
			);
			name = "[CP] Embed Pods Frameworks";
			outputFileListPaths = (
			);
			outputPaths = (
				"${TARGET_BUILD_DIR}/${FRAMEWORKS_FOLDER_PATH}/Alamofire.framework",
				"${TARGET_BUILD_DIR}/${FRAMEWORKS_FOLDER_PATH}/IQKeyboardManagerSwift.framework",
			);
			runOnlyForDeploymentPostprocessing = 0;
			shellPath = /bin/sh;
			shellScript = "\"${PODS_ROOT}/Target Support Files/Pods-FlightSearch/Pods-FlightSearch-frameworks.sh\"\n";
			showEnvVarsInLog = 0;
		};
		1A308812D657D237C09E5714 /* [CP] Check Pods Manifest.lock */ = {
			isa = PBXShellScriptBuildPhase;
			buildActionMask = 2147483647;
			files = (
			);
			inputFileListPaths = (
			);
			inputPaths = (
				"${PODS_PODFILE_DIR_PATH}/Podfile.lock",
				"${PODS_ROOT}/Manifest.lock",
			);
			name = "[CP] Check Pods Manifest.lock";
			outputFileListPaths = (
			);
			outputPaths = (
				"$(DERIVED_FILE_DIR)/Pods-FlightSearchTests-checkManifestLockResult.txt",
			);
			runOnlyForDeploymentPostprocessing = 0;
			shellPath = /bin/sh;
			shellScript = "diff \"${PODS_PODFILE_DIR_PATH}/Podfile.lock\" \"${PODS_ROOT}/Manifest.lock\" > /dev/null\nif [ $? != 0 ] ; then\n    # print error to STDERR\n    echo \"error: The sandbox is not in sync with the Podfile.lock. Run 'pod install' or update your CocoaPods installation.\" >&2\n    exit 1\nfi\n# This output is used by Xcode 'outputs' to avoid re-running this script phase.\necho \"SUCCESS\" > \"${SCRIPT_OUTPUT_FILE_0}\"\n";
			showEnvVarsInLog = 0;
		};
		B73CD654C3A719D400770E85 /* [CP] Check Pods Manifest.lock */ = {
			isa = PBXShellScriptBuildPhase;
			buildActionMask = 2147483647;
			files = (
			);
			inputFileListPaths = (
			);
			inputPaths = (
				"${PODS_PODFILE_DIR_PATH}/Podfile.lock",
				"${PODS_ROOT}/Manifest.lock",
			);
			name = "[CP] Check Pods Manifest.lock";
			outputFileListPaths = (
			);
			outputPaths = (
				"$(DERIVED_FILE_DIR)/Pods-FlightSearchUITests-checkManifestLockResult.txt",
			);
			runOnlyForDeploymentPostprocessing = 0;
			shellPath = /bin/sh;
			shellScript = "diff \"${PODS_PODFILE_DIR_PATH}/Podfile.lock\" \"${PODS_ROOT}/Manifest.lock\" > /dev/null\nif [ $? != 0 ] ; then\n    # print error to STDERR\n    echo \"error: The sandbox is not in sync with the Podfile.lock. Run 'pod install' or update your CocoaPods installation.\" >&2\n    exit 1\nfi\n# This output is used by Xcode 'outputs' to avoid re-running this script phase.\necho \"SUCCESS\" > \"${SCRIPT_OUTPUT_FILE_0}\"\n";
			showEnvVarsInLog = 0;
		};
		C289CBDC98FAF695929229A4 /* [CP] Check Pods Manifest.lock */ = {
			isa = PBXShellScriptBuildPhase;
			buildActionMask = 2147483647;
			files = (
			);
			inputFileListPaths = (
			);
			inputPaths = (
				"${PODS_PODFILE_DIR_PATH}/Podfile.lock",
				"${PODS_ROOT}/Manifest.lock",
			);
			name = "[CP] Check Pods Manifest.lock";
			outputFileListPaths = (
			);
			outputPaths = (
				"$(DERIVED_FILE_DIR)/Pods-FlightSearch-checkManifestLockResult.txt",
			);
			runOnlyForDeploymentPostprocessing = 0;
			shellPath = /bin/sh;
			shellScript = "diff \"${PODS_PODFILE_DIR_PATH}/Podfile.lock\" \"${PODS_ROOT}/Manifest.lock\" > /dev/null\nif [ $? != 0 ] ; then\n    # print error to STDERR\n    echo \"error: The sandbox is not in sync with the Podfile.lock. Run 'pod install' or update your CocoaPods installation.\" >&2\n    exit 1\nfi\n# This output is used by Xcode 'outputs' to avoid re-running this script phase.\necho \"SUCCESS\" > \"${SCRIPT_OUTPUT_FILE_0}\"\n";
			showEnvVarsInLog = 0;
		};
/* End PBXShellScriptBuildPhase section */

/* Begin PBXSourcesBuildPhase section */
		5279598820DC78CF00D3C13D /* Sources */ = {
			isa = PBXSourcesBuildPhase;
			buildActionMask = 2147483647;
			files = (
				4291F0312206CC8E00A867E6 /* FlightSearchInteractor.swift in Sources */,
				527959D620DC820900D3C13D /* BaseNavigationController.swift in Sources */,
				4291F02C2206C16100A867E6 /* FlightSearch.swift in Sources */,
				42D3C637220D288600658C34 /* ResultInterfaces.swift in Sources */,
				527959D020DC803C00D3C13D /* ViewInterface.swift in Sources */,
				524AF9FB20DD1AB5005D4CEC /* FlightSearchApiModelProtocol.swift in Sources */,
				527959CF20DC803C00D3C13D /* PresenterInterface.swift in Sources */,
				4291F02F2206CC8100A867E6 /* FlightSearchInteractorProtocol.swift in Sources */,
				42D3C63C220D288600658C34 /* ResultModel.swift in Sources */,
				4291F0292206BD5000A867E6 /* Keys.swift in Sources */,
				527959D420DC81C200D3C13D /* BaseRouter.swift in Sources */,
				527959CE20DC803C00D3C13D /* InteractorInterface.swift in Sources */,
				527959F020DC8E0700D3C13D /* FlightSearchApiProtocol.swift in Sources */,
				527959D120DC803C00D3C13D /* BaseWireframe.swift in Sources */,
				527959FB20DD06D500D3C13D /* FlightSearchApiModel.swift in Sources */,
				42D3C63F220D288600658C34 /* ResultWireframe.swift in Sources */,
				527959EE20DC8BD500D3C13D /* FlightSearchApiProvider.swift in Sources */,
				527959E820DC898400D3C13D /* BaseProvider.swift in Sources */,
				42D3C639220D288600658C34 /* ResultPresenter.swift in Sources */,
				42F1727E22011DF4000BEF98 /* HomeInterfaces.swift in Sources */,
				42F1728622011DF4000BEF98 /* HomeWireframe.swift in Sources */,
				42F66A9D22069D84008524D3 /* FSButton.swift in Sources */,
				42F1728022011DF4000BEF98 /* HomePresenter.swift in Sources */,
				42F1728122011DF4000BEF98 /* HomeViewController.swift in Sources */,
				42D3C63A220D288600658C34 /* ResultViewController.swift in Sources */,
				527959F820DD064B00D3C13D /* BaseResponse.swift in Sources */,
				527959EC20DC8B1900D3C13D /* String.swift in Sources */,
				5279599020DC78CF00D3C13D /* AppDelegate.swift in Sources */,
				42D3C644220D36F500658C34 /* ResultTableViewCell.swift in Sources */,
				42F1728C220141E7000BEF98 /* FSTextField.swift in Sources */,
			);
			runOnlyForDeploymentPostprocessing = 0;
		};
		5279599F20DC78D400D3C13D /* Sources */ = {
			isa = PBXSourcesBuildPhase;
			buildActionMask = 2147483647;
			files = (
				527959A820DC78D400D3C13D /* FlightSearchApiTests.swift in Sources */,
			);
			runOnlyForDeploymentPostprocessing = 0;
		};
		527959AA20DC78D400D3C13D /* Sources */ = {
			isa = PBXSourcesBuildPhase;
			buildActionMask = 2147483647;
			files = (
				52044D8020E0431C00D6C94C /* MainUITests.swift in Sources */,
				527959B320DC78D400D3C13D /* FlightSearchUITests.swift in Sources */,
			);
			runOnlyForDeploymentPostprocessing = 0;
		};
/* End PBXSourcesBuildPhase section */

/* Begin PBXTargetDependency section */
		527959A520DC78D400D3C13D /* PBXTargetDependency */ = {
			isa = PBXTargetDependency;
			target = 5279598B20DC78CF00D3C13D /* FlightSearch */;
			targetProxy = 527959A420DC78D400D3C13D /* PBXContainerItemProxy */;
		};
		527959B020DC78D400D3C13D /* PBXTargetDependency */ = {
			isa = PBXTargetDependency;
			target = 5279598B20DC78CF00D3C13D /* FlightSearch */;
			targetProxy = 527959AF20DC78D400D3C13D /* PBXContainerItemProxy */;
		};
/* End PBXTargetDependency section */

/* Begin PBXVariantGroup section */
		5279599B20DC78D300D3C13D /* LaunchScreen.storyboard */ = {
			isa = PBXVariantGroup;
			children = (
				5279599C20DC78D300D3C13D /* Base */,
			);
			name = LaunchScreen.storyboard;
			sourceTree = "<group>";
		};
/* End PBXVariantGroup section */

/* Begin XCBuildConfiguration section */
		527959B520DC78D400D3C13D /* Debug */ = {
			isa = XCBuildConfiguration;
			buildSettings = {
				ALWAYS_SEARCH_USER_PATHS = NO;
				CLANG_ANALYZER_NONNULL = YES;
				CLANG_ANALYZER_NUMBER_OBJECT_CONVERSION = YES_AGGRESSIVE;
				CLANG_CXX_LANGUAGE_STANDARD = "gnu++14";
				CLANG_CXX_LIBRARY = "libc++";
				CLANG_ENABLE_MODULES = YES;
				CLANG_ENABLE_OBJC_ARC = YES;
				CLANG_ENABLE_OBJC_WEAK = YES;
				CLANG_WARN_BLOCK_CAPTURE_AUTORELEASING = YES;
				CLANG_WARN_BOOL_CONVERSION = YES;
				CLANG_WARN_COMMA = YES;
				CLANG_WARN_CONSTANT_CONVERSION = YES;
				CLANG_WARN_DEPRECATED_OBJC_IMPLEMENTATIONS = YES;
				CLANG_WARN_DIRECT_OBJC_ISA_USAGE = YES_ERROR;
				CLANG_WARN_DOCUMENTATION_COMMENTS = YES;
				CLANG_WARN_EMPTY_BODY = YES;
				CLANG_WARN_ENUM_CONVERSION = YES;
				CLANG_WARN_INFINITE_RECURSION = YES;
				CLANG_WARN_INT_CONVERSION = YES;
				CLANG_WARN_NON_LITERAL_NULL_CONVERSION = YES;
				CLANG_WARN_OBJC_IMPLICIT_RETAIN_SELF = YES;
				CLANG_WARN_OBJC_LITERAL_CONVERSION = YES;
				CLANG_WARN_OBJC_ROOT_CLASS = YES_ERROR;
				CLANG_WARN_RANGE_LOOP_ANALYSIS = YES;
				CLANG_WARN_STRICT_PROTOTYPES = YES;
				CLANG_WARN_SUSPICIOUS_MOVE = YES;
				CLANG_WARN_UNGUARDED_AVAILABILITY = YES_AGGRESSIVE;
				CLANG_WARN_UNREACHABLE_CODE = YES;
				CLANG_WARN__DUPLICATE_METHOD_MATCH = YES;
				CODE_SIGN_IDENTITY = "iPhone Developer";
				COPY_PHASE_STRIP = NO;
				DEBUG_INFORMATION_FORMAT = dwarf;
				ENABLE_STRICT_OBJC_MSGSEND = YES;
				ENABLE_TESTABILITY = YES;
				GCC_C_LANGUAGE_STANDARD = gnu11;
				GCC_DYNAMIC_NO_PIC = NO;
				GCC_NO_COMMON_BLOCKS = YES;
				GCC_OPTIMIZATION_LEVEL = 0;
				GCC_PREPROCESSOR_DEFINITIONS = (
					"DEBUG=1",
					"$(inherited)",
				);
				GCC_WARN_64_TO_32_BIT_CONVERSION = YES;
				GCC_WARN_ABOUT_RETURN_TYPE = YES_ERROR;
				GCC_WARN_UNDECLARED_SELECTOR = YES;
				GCC_WARN_UNINITIALIZED_AUTOS = YES_AGGRESSIVE;
				GCC_WARN_UNUSED_FUNCTION = YES;
				GCC_WARN_UNUSED_VARIABLE = YES;
				IPHONEOS_DEPLOYMENT_TARGET = 11.4;
				MTL_ENABLE_DEBUG_INFO = YES;
				ONLY_ACTIVE_ARCH = YES;
				SDKROOT = iphoneos;
				SWIFT_ACTIVE_COMPILATION_CONDITIONS = DEBUG;
				SWIFT_OPTIMIZATION_LEVEL = "-Onone";
			};
			name = Debug;
		};
		527959B620DC78D400D3C13D /* Release */ = {
			isa = XCBuildConfiguration;
			buildSettings = {
				ALWAYS_SEARCH_USER_PATHS = NO;
				CLANG_ANALYZER_NONNULL = YES;
				CLANG_ANALYZER_NUMBER_OBJECT_CONVERSION = YES_AGGRESSIVE;
				CLANG_CXX_LANGUAGE_STANDARD = "gnu++14";
				CLANG_CXX_LIBRARY = "libc++";
				CLANG_ENABLE_MODULES = YES;
				CLANG_ENABLE_OBJC_ARC = YES;
				CLANG_ENABLE_OBJC_WEAK = YES;
				CLANG_WARN_BLOCK_CAPTURE_AUTORELEASING = YES;
				CLANG_WARN_BOOL_CONVERSION = YES;
				CLANG_WARN_COMMA = YES;
				CLANG_WARN_CONSTANT_CONVERSION = YES;
				CLANG_WARN_DEPRECATED_OBJC_IMPLEMENTATIONS = YES;
				CLANG_WARN_DIRECT_OBJC_ISA_USAGE = YES_ERROR;
				CLANG_WARN_DOCUMENTATION_COMMENTS = YES;
				CLANG_WARN_EMPTY_BODY = YES;
				CLANG_WARN_ENUM_CONVERSION = YES;
				CLANG_WARN_INFINITE_RECURSION = YES;
				CLANG_WARN_INT_CONVERSION = YES;
				CLANG_WARN_NON_LITERAL_NULL_CONVERSION = YES;
				CLANG_WARN_OBJC_IMPLICIT_RETAIN_SELF = YES;
				CLANG_WARN_OBJC_LITERAL_CONVERSION = YES;
				CLANG_WARN_OBJC_ROOT_CLASS = YES_ERROR;
				CLANG_WARN_RANGE_LOOP_ANALYSIS = YES;
				CLANG_WARN_STRICT_PROTOTYPES = YES;
				CLANG_WARN_SUSPICIOUS_MOVE = YES;
				CLANG_WARN_UNGUARDED_AVAILABILITY = YES_AGGRESSIVE;
				CLANG_WARN_UNREACHABLE_CODE = YES;
				CLANG_WARN__DUPLICATE_METHOD_MATCH = YES;
				CODE_SIGN_IDENTITY = "iPhone Developer";
				COPY_PHASE_STRIP = NO;
				DEBUG_INFORMATION_FORMAT = "dwarf-with-dsym";
				ENABLE_NS_ASSERTIONS = NO;
				ENABLE_STRICT_OBJC_MSGSEND = YES;
				GCC_C_LANGUAGE_STANDARD = gnu11;
				GCC_NO_COMMON_BLOCKS = YES;
				GCC_WARN_64_TO_32_BIT_CONVERSION = YES;
				GCC_WARN_ABOUT_RETURN_TYPE = YES_ERROR;
				GCC_WARN_UNDECLARED_SELECTOR = YES;
				GCC_WARN_UNINITIALIZED_AUTOS = YES_AGGRESSIVE;
				GCC_WARN_UNUSED_FUNCTION = YES;
				GCC_WARN_UNUSED_VARIABLE = YES;
				IPHONEOS_DEPLOYMENT_TARGET = 11.4;
				MTL_ENABLE_DEBUG_INFO = NO;
				SDKROOT = iphoneos;
				SWIFT_COMPILATION_MODE = wholemodule;
				SWIFT_OPTIMIZATION_LEVEL = "-O";
				VALIDATE_PRODUCT = YES;
			};
			name = Release;
		};
		527959B820DC78D400D3C13D /* Debug */ = {
			isa = XCBuildConfiguration;
			baseConfigurationReference = 49E107B26361FFC634A9E394 /* Pods-FlightSearch.debug.xcconfig */;
			buildSettings = {
				ASSETCATALOG_COMPILER_APPICON_NAME = AppIcon;
				CODE_SIGN_STYLE = Automatic;
				DEVELOPMENT_TEAM = XN3A73TYGD;
				INFOPLIST_FILE = FlightSearch/SuportingFiles/Info.plist;
				LD_RUNPATH_SEARCH_PATHS = (
					"$(inherited)",
					"@executable_path/Frameworks",
				);
				PRODUCT_BUNDLE_IDENTIFIER = com.victorbrittobarros.FlightSearch;
				PRODUCT_NAME = "$(TARGET_NAME)";
				SWIFT_VERSION = 4.0;
				TARGETED_DEVICE_FAMILY = "1,2";
			};
			name = Debug;
		};
		527959B920DC78D400D3C13D /* Release */ = {
			isa = XCBuildConfiguration;
			baseConfigurationReference = 5A2F0856DB4B85DA198EEB9A /* Pods-FlightSearch.release.xcconfig */;
			buildSettings = {
				ASSETCATALOG_COMPILER_APPICON_NAME = AppIcon;
				CODE_SIGN_STYLE = Automatic;
				DEVELOPMENT_TEAM = XN3A73TYGD;
				INFOPLIST_FILE = FlightSearch/SuportingFiles/Info.plist;
				LD_RUNPATH_SEARCH_PATHS = (
					"$(inherited)",
					"@executable_path/Frameworks",
				);
				PRODUCT_BUNDLE_IDENTIFIER = com.victorbrittobarros.FlightSearch;
				PRODUCT_NAME = "$(TARGET_NAME)";
				SWIFT_VERSION = 4.0;
				TARGETED_DEVICE_FAMILY = "1,2";
			};
			name = Release;
		};
		527959BB20DC78D400D3C13D /* Debug */ = {
			isa = XCBuildConfiguration;
			baseConfigurationReference = A54C1BA5609F84D5AD641C87 /* Pods-FlightSearchTests.debug.xcconfig */;
			buildSettings = {
				ALWAYS_EMBED_SWIFT_STANDARD_LIBRARIES = YES;
				BUNDLE_LOADER = "$(TEST_HOST)";
				CODE_SIGN_STYLE = Automatic;
				DEVELOPMENT_TEAM = XN3A73TYGD;
				INFOPLIST_FILE = FlightSearchTests/Info.plist;
				LD_RUNPATH_SEARCH_PATHS = (
					"$(inherited)",
					"@executable_path/Frameworks",
					"@loader_path/Frameworks",
				);
				PRODUCT_BUNDLE_IDENTIFIER = com.victorbritto.FlightSearchTests;
				PRODUCT_NAME = "$(TARGET_NAME)";
				SWIFT_VERSION = 4.0;
				TARGETED_DEVICE_FAMILY = "1,2";
				TEST_HOST = "$(BUILT_PRODUCTS_DIR)/FlightSearch.app/FlightSearch";
			};
			name = Debug;
		};
		527959BC20DC78D400D3C13D /* Release */ = {
			isa = XCBuildConfiguration;
			baseConfigurationReference = C48A8F42035108A4B040CE4B /* Pods-FlightSearchTests.release.xcconfig */;
			buildSettings = {
				ALWAYS_EMBED_SWIFT_STANDARD_LIBRARIES = YES;
				BUNDLE_LOADER = "$(TEST_HOST)";
				CODE_SIGN_STYLE = Automatic;
				DEVELOPMENT_TEAM = XN3A73TYGD;
				INFOPLIST_FILE = FlightSearchTests/Info.plist;
				LD_RUNPATH_SEARCH_PATHS = (
					"$(inherited)",
					"@executable_path/Frameworks",
					"@loader_path/Frameworks",
				);
				PRODUCT_BUNDLE_IDENTIFIER = com.victorbritto.FlightSearchTests;
				PRODUCT_NAME = "$(TARGET_NAME)";
				SWIFT_VERSION = 4.0;
				TARGETED_DEVICE_FAMILY = "1,2";
				TEST_HOST = "$(BUILT_PRODUCTS_DIR)/FlightSearch.app/FlightSearch";
			};
			name = Release;
		};
		527959BE20DC78D400D3C13D /* Debug */ = {
			isa = XCBuildConfiguration;
			baseConfigurationReference = 25500911437FE6D10F2909EC /* Pods-FlightSearchUITests.debug.xcconfig */;
			buildSettings = {
				ALWAYS_EMBED_SWIFT_STANDARD_LIBRARIES = YES;
				CODE_SIGN_STYLE = Automatic;
				DEVELOPMENT_TEAM = XN3A73TYGD;
				INFOPLIST_FILE = FlightSearchUITests/Info.plist;
				LD_RUNPATH_SEARCH_PATHS = (
					"$(inherited)",
					"@executable_path/Frameworks",
					"@loader_path/Frameworks",
				);
				PRODUCT_BUNDLE_IDENTIFIER = com.victorbritto.FlightSearchUITests;
				PRODUCT_NAME = "$(TARGET_NAME)";
				SWIFT_VERSION = 4.0;
				TARGETED_DEVICE_FAMILY = "1,2";
				TEST_TARGET_NAME = FlightSearch;
			};
			name = Debug;
		};
		527959BF20DC78D400D3C13D /* Release */ = {
			isa = XCBuildConfiguration;
			baseConfigurationReference = 3C32A66DCE4AC7FC2995883A /* Pods-FlightSearchUITests.release.xcconfig */;
			buildSettings = {
				ALWAYS_EMBED_SWIFT_STANDARD_LIBRARIES = YES;
				CODE_SIGN_STYLE = Automatic;
				DEVELOPMENT_TEAM = XN3A73TYGD;
				INFOPLIST_FILE = FlightSearchUITests/Info.plist;
				LD_RUNPATH_SEARCH_PATHS = (
					"$(inherited)",
					"@executable_path/Frameworks",
					"@loader_path/Frameworks",
				);
				PRODUCT_BUNDLE_IDENTIFIER = com.victorbritto.FlightSearchUITests;
				PRODUCT_NAME = "$(TARGET_NAME)";
				SWIFT_VERSION = 4.0;
				TARGETED_DEVICE_FAMILY = "1,2";
				TEST_TARGET_NAME = FlightSearch;
			};
			name = Release;
		};
/* End XCBuildConfiguration section */

/* Begin XCConfigurationList section */
		5279598720DC78CF00D3C13D /* Build configuration list for PBXProject "FlightSearch" */ = {
			isa = XCConfigurationList;
			buildConfigurations = (
				527959B520DC78D400D3C13D /* Debug */,
				527959B620DC78D400D3C13D /* Release */,
			);
			defaultConfigurationIsVisible = 0;
			defaultConfigurationName = Release;
		};
		527959B720DC78D400D3C13D /* Build configuration list for PBXNativeTarget "FlightSearch" */ = {
			isa = XCConfigurationList;
			buildConfigurations = (
				527959B820DC78D400D3C13D /* Debug */,
				527959B920DC78D400D3C13D /* Release */,
			);
			defaultConfigurationIsVisible = 0;
			defaultConfigurationName = Release;
		};
		527959BA20DC78D400D3C13D /* Build configuration list for PBXNativeTarget "FlightSearchTests" */ = {
			isa = XCConfigurationList;
			buildConfigurations = (
				527959BB20DC78D400D3C13D /* Debug */,
				527959BC20DC78D400D3C13D /* Release */,
			);
			defaultConfigurationIsVisible = 0;
			defaultConfigurationName = Release;
		};
		527959BD20DC78D400D3C13D /* Build configuration list for PBXNativeTarget "FlightSearchUITests" */ = {
			isa = XCConfigurationList;
			buildConfigurations = (
				527959BE20DC78D400D3C13D /* Debug */,
				527959BF20DC78D400D3C13D /* Release */,
			);
			defaultConfigurationIsVisible = 0;
			defaultConfigurationName = Release;
		};
/* End XCConfigurationList section */
	};
	rootObject = 5279598420DC78CF00D3C13D /* Project object */;
}
